
Microsoft Visual Studio Solution File, Format Version 12.00
# Visual Studio 2012
Project("{FAE04EC0-301F-11D3-BF4B-00C04F79EFBC}") = "Repositorio", "Repositorio\Repositorio.csproj", "{1589BD0B-8310-469E-A4A1-E5A689EB60ED}"
EndProject
Project("{FAE04EC0-301F-11D3-BF4B-00C04F79EFBC}") = "Dominio", "Dominio\Dominio.csproj", "{71193878-3A10-43DB-8CFF-4C2D7F91F1D3}"
EndProject
Project("{FAE04EC0-301F-11D3-BF4B-00C04F79EFBC}") = "Aplicacao", "Aplicacao\Aplicacao.csproj", "{C67795EB-5D25-4568-B41C-91EBB873F660}"
EndProject
Project("{FAE04EC0-301F-11D3-BF4B-00C04F79EFBC}") = "ViewGuiWeb", "ViewGuiWeb\ViewGuiWeb.csproj", "{6CBF34A7-16A3-4B8F-9520-585DF968EAB2}"
EndProject
Global
	GlobalSection(SolutionConfigurationPlatforms) = preSolution
		Debug|Any CPU = Debug|Any CPU
		Release|Any CPU = Release|Any CPU
	EndGlobalSection
	GlobalSection(ProjectConfigurationPlatforms) = postSolution
		{1589BD0B-8310-469E-A4A1-E5A689EB60ED}.Debug|Any CPU.ActiveCfg = Debug|Any CPU
		{1589BD0B-8310-469E-A4A1-E5A689EB60ED}.Debug|Any CPU.Build.0 = Debug|Any CPU
		{1589BD0B-8310-469E-A4A1-E5A689EB60ED}.Release|Any CPU.ActiveCfg = Release|Any CPU
		{1589BD0B-8310-469E-A4A1-E5A689EB60ED}.Release|Any CPU.Build.0 = Release|Any CPU
		{71193878-3A10-43DB-8CFF-4C2D7F91F1D3}.Debug|Any CPU.ActiveCfg = Debug|Any CPU
		{71193878-3A10-43DB-8CFF-4C2D7F91F1D3}.Debug|Any CPU.Build.0 = Debug|Any CPU
		{71193878-3A10-43DB-8CFF-4C2D7F91F1D3}.Release|Any CPU.ActiveCfg = Release|Any CPU
		{71193878-3A10-43DB-8CFF-4C2D7F91F1D3}.Release|Any CPU.Build.0 = Release|Any CPU
		{C67795EB-5D25-4568-B41C-91EBB873F660}.Debug|Any CPU.ActiveCfg = Debug|Any CPU
		{C67795EB-5D25-4568-B41C-91EBB873F660}.Debug|Any CPU.Build.0 = Debug|Any CPU
		{C67795EB-5D25-4568-B41C-91EBB873F660}.Release|Any CPU.ActiveCfg = Release|Any CPU
		{C67795EB-5D25-4568-B41C-91EBB873F660}.Release|Any CPU.Build.0 = Release|Any CPU
		{6CBF34A7-16A3-4B8F-9520-585DF968EAB2}.Debug|Any CPU.ActiveCfg = Debug|Any CPU
		{6CBF34A7-16A3-4B8F-9520-585DF968EAB2}.Debug|Any CPU.Build.0 = Debug|Any CPU
		{6CBF34A7-16A3-4B8F-9520-585DF968EAB2}.Release|Any CPU.ActiveCfg = Release|Any CPU
		{6CBF34A7-16A3-4B8F-9520-585DF968EAB2}.Release|Any CPU.Build.0 = Release|Any CPU
	EndGlobalSection
	GlobalSection(SolutionProperties) = preSolution
		HideSolutionNode = FALSE
	EndGlobalSection
EndGlobal
